
Microsoft Visual Studio Solution File, Format Version 12.00
# Visual Studio Version 16
VisualStudioVersion = 16.0.809.4
MinimumVisualStudioVersion = 10.0.40219.1
Project("{FAE04EC0-301F-11D3-BF4B-00C04F79EFBC}") = "EasyADO", "EasyADO\EasyADO.csproj", "{55645A8D-4800-4EF4-921A-0401F807AA89}"
EndProject
Global
	GlobalSection(SolutionConfigurationPlatforms) = preSolution
		Debug|Any CPU = Debug|Any CPU
		Release|Any CPU = Release|Any CPU
	EndGlobalSection
	GlobalSection(ProjectConfigurationPlatforms) = postSolution
		{55645A8D-4800-4EF4-921A-0401F807AA89}.Debug|Any CPU.ActiveCfg = Debug|Any CPU
		{55645A8D-4800-4EF4-921A-0401F807AA89}.Debug|Any CPU.Build.0 = Debug|Any CPU
		{55645A8D-4800-4EF4-921A-0401F807AA89}.Release|Any CPU.ActiveCfg = Release|Any CPU
		{55645A8D-4800-4EF4-921A-0401F807AA89}.Release|Any CPU.Build.0 = Release|Any CPU
	EndGlobalSection
	GlobalSection(SolutionProperties) = preSolution
		HideSolutionNode = FALSE
	EndGlobalSection
	GlobalSection(ExtensibilityGlobals) = postSolution
		SolutionGuid = {799CFB3E-B4EE-4967-B20E-2EFBFDB97477}
	EndGlobalSection
	GlobalSection(MonoDevelopProperties) = preSolution
		description = Easy to use ADO.NET helper for common database actions and a few other helpers
		version = 1.0.1
		Policies = $0
		$0.VersionControlPolicy = $1
	EndGlobalSection
EndGlobal
